<?xml version="1.0" encoding="utf-8"?>
<Project ToolsVersion="4.0" xmlns="http://schemas.microsoft.com/developer/msbuild/2003">
  <ItemGroup>
    <Filter Include="Resource Files">
      <UniqueIdentifier>{67DA6AB6-F800-4c08-8B7A-83BB121AAD01}</UniqueIdentifier>
      <Extensions>rc;ico;cur;bmp;dlg;rc2;rct;bin;rgs;gif;jpg;jpeg;jpe;resx;tiff;tif;png;wav;mfcribbon-ms</Extensions>
    </Filter>
    <Filter Include="Audio">
      <UniqueIdentifier>{ee96294d-a252-412d-89f9-c5d863d2327e}</UniqueIdentifier>
    </Filter>
    <Filter Include="Components">
      <UniqueIdentifier>{68866bc7-3031-4db6-af58-28824df470da}</UniqueIdentifier>
    </Filter>
    <Filter Include="Input">
      <UniqueIdentifier>{347ddb9c-0ea1-40bf-b798-77f8e802ece8}</UniqueIdentifier>
    </Filter>
    <Filter Include="Managers">
      <UniqueIdentifier>{d9fa04ef-cecf-4890-8053-2e767143f79b}</UniqueIdentifier>
    </Filter>
    <Filter Include="Observer">
      <UniqueIdentifier>{68352861-0f3a-4862-a77b-d813e7183622}</UniqueIdentifier>
    </Filter>
    <Filter Include="Prefabs">
      <UniqueIdentifier>{aeaef9aa-c88e-4ffe-a667-cd4c24e5e308}</UniqueIdentifier>
    </Filter>
    <Filter Include="Rendering">
      <UniqueIdentifier>{a47793c1-e529-4e68-9908-a43b1cd90368}</UniqueIdentifier>
    </Filter>
    <Filter Include="Scenes">
      <UniqueIdentifier>{3ec39d81-5f55-4323-a2d6-3f2461d43547}</UniqueIdentifier>
    </Filter>
    <Filter Include="Utilities">
      <UniqueIdentifier>{52b783b2-d77d-4525-8c25-f16bc33dc2c4}</UniqueIdentifier>
    </Filter>
    <Filter Include="Components\Input">
      <UniqueIdentifier>{3e224c43-a6ff-41d4-89a1-f4aedd886a9e}</UniqueIdentifier>
    </Filter>
    <Filter Include="Components\Rendering">
      <UniqueIdentifier>{08c52ce8-9a9f-4e90-8fe3-0197851620bd}</UniqueIdentifier>
    </Filter>
    <Filter Include="PrecompiledHeaders">
      <UniqueIdentifier>{952125ce-433a-44a6-9ef0-dcf380bd34c3}</UniqueIdentifier>
    </Filter>
    <Filter Include="Localization">
      <UniqueIdentifier>{597aa6a9-4dfa-4fd2-932e-fca21ef308d4}</UniqueIdentifier>
    </Filter>
    <Filter Include="Components\State">
      <UniqueIdentifier>{582198d9-d6ba-4425-977d-a79ca9bb0c58}</UniqueIdentifier>
    </Filter>
    <Filter Include="Components\Menuing">
      <UniqueIdentifier>{a0f080f1-8ca0-474d-a776-0f4a8fe0ecd7}</UniqueIdentifier>
    </Filter>
    <Filter Include="Components\Collision">
      <UniqueIdentifier>{83839d41-a7ed-4cf9-aff8-ca70b4d63955}</UniqueIdentifier>
    </Filter>
  </ItemGroup>
  <ItemGroup>
    <ClInclude Include="AudioServices.h">
      <Filter>Audio</Filter>
    </ClInclude>
    <ClInclude Include="Audio.h">
      <Filter>Audio</Filter>
    </ClInclude>
    <ClInclude Include="AudioLocator.h">
      <Filter>Audio</Filter>
    </ClInclude>
    <ClInclude Include="targetver.h">
      <Filter>PrecompiledHeaders</Filter>
    </ClInclude>
    <ClInclude Include="BaseComponent.h">
      <Filter>Components</Filter>
    </ClInclude>
    <ClInclude Include="ColliderComponent.h">
      <Filter>Components\Collision</Filter>
    </ClInclude>
    <ClInclude Include="GridMovementComponent.h">
      <Filter>Components\Input</Filter>
    </ClInclude>
    <ClInclude Include="InputComponent.h">
      <Filter>Components\Input</Filter>
    </ClInclude>
    <ClInclude Include="Transform.h">
      <Filter>Components\Input</Filter>
    </ClInclude>
    <ClInclude Include="PathfinderComponent.h">
      <Filter>Components\Input</Filter>
    </ClInclude>
    <ClInclude Include="MovementGrid.h">
      <Filter>Components\Input</Filter>
    </ClInclude>
    <ClInclude Include="FPSComponent.h">
      <Filter>Components\Rendering</Filter>
    </ClInclude>
    <ClInclude Include="GridRenderer.h">
      <Filter>Components\Rendering</Filter>
    </ClInclude>
    <ClInclude Include="SpriteComponent.h">
      <Filter>Components\Rendering</Filter>
    </ClInclude>
    <ClInclude Include="RenderComponent.h">
      <Filter>Components\Rendering</Filter>
    </ClInclude>
    <ClInclude Include="TextComponent.h">
      <Filter>Components\Rendering</Filter>
    </ClInclude>
    <ClInclude Include="PlayerCommands.h">
      <Filter>Input</Filter>
    </ClInclude>
    <ClInclude Include="MovementCommands.h">
      <Filter>Input</Filter>
    </ClInclude>
    <ClInclude Include="Command.h">
      <Filter>Input</Filter>
    </ClInclude>
    <ClInclude Include="SceneManager.h">
      <Filter>Managers</Filter>
    </ClInclude>
    <ClInclude Include="ResourceManager.h">
      <Filter>Managers</Filter>
    </ClInclude>
    <ClInclude Include="InputManager.h">
      <Filter>Managers</Filter>
    </ClInclude>
    <ClInclude Include="FlginPCH.h">
      <Filter>PrecompiledHeaders</Filter>
    </ClInclude>
    <ClInclude Include="Singleton.h">
      <Filter>Utilities</Filter>
    </ClInclude>
    <ClInclude Include="Logger.h">
      <Filter>Utilities</Filter>
    </ClInclude>
    <ClInclude Include="Invoker.h">
      <Filter>Utilities</Filter>
    </ClInclude>
    <ClInclude Include="Observer.h">
      <Filter>Observer</Filter>
    </ClInclude>
    <ClInclude Include="Subject.h">
      <Filter>Observer</Filter>
    </ClInclude>
    <ClInclude Include="GameObject.h">
      <Filter>Prefabs</Filter>
    </ClInclude>
    <ClInclude Include="Renderer.h">
      <Filter>Rendering</Filter>
    </ClInclude>
    <ClInclude Include="Font.h">
      <Filter>Rendering</Filter>
    </ClInclude>
    <ClInclude Include="Texture2D.h">
      <Filter>Rendering</Filter>
    </ClInclude>
    <ClInclude Include="Scene.h">
      <Filter>Scenes</Filter>
    </ClInclude>
    <ClInclude Include="Flgin.h">
      <Filter>Scenes</Filter>
    </ClInclude>
    <ClInclude Include="TextLocalizer.h">
      <Filter>Localization</Filter>
    </ClInclude>
    <ClInclude Include="csv.h">
      <Filter>Localization</Filter>
    </ClInclude>
    <ClInclude Include="FreeMover.h">
      <Filter>Components\Collision</Filter>
    </ClInclude>
    <ClInclude Include="FunctionHolder.h">
      <Filter>Utilities</Filter>
    </ClInclude>
    <ClInclude Include="StateComponent.h">
      <Filter>Components\State</Filter>
    </ClInclude>
    <ClInclude Include="Button.h">
      <Filter>Prefabs</Filter>
    </ClInclude>
    <ClInclude Include="ButtonComponent.h">
      <Filter>Components\Menuing</Filter>
    </ClInclude>
    <ClInclude Include="MenuComponent.h">
      <Filter>Components\Menuing</Filter>
    </ClInclude>
    <ClInclude Include="ObserverManager.h">
      <Filter>Observer</Filter>
    </ClInclude>
    <ClInclude Include="CollisionManager.h">
      <Filter>Components\Collision</Filter>
    </ClInclude>
    <ClInclude Include="Timer.h">
      <Filter>Utilities</Filter>
    </ClInclude>
  </ItemGroup>
  <ItemGroup>
    <ClCompile Include="ColliderComponent.cpp">
      <Filter>Components\Collision</Filter>
    </ClCompile>
    <ClCompile Include="FreeMover.cpp">
      <Filter>Components\Collision</Filter>
    </ClCompile>
    <ClCompile Include="GridMovementComponent.cpp">
      <Filter>Components\Input</Filter>
    </ClCompile>
    <ClCompile Include="InputComponent.cpp">
      <Filter>Components\Input</Filter>
    </ClCompile>
    <ClCompile Include="Transform.cpp">
      <Filter>Components\Input</Filter>
    </ClCompile>
    <ClCompile Include="PathfinderComponent.cpp">
      <Filter>Components\Input</Filter>
    </ClCompile>
    <ClCompile Include="MovementGrid.cpp">
      <Filter>Components\Input</Filter>
    </ClCompile>
    <ClCompile Include="FPSComponent.cpp">
      <Filter>Components\Rendering</Filter>
    </ClCompile>
    <ClCompile Include="GridRenderer.cpp">
      <Filter>Components\Rendering</Filter>
    </ClCompile>
    <ClCompile Include="SpriteComponent.cpp">
      <Filter>Components\Rendering</Filter>
    </ClCompile>
    <ClCompile Include="RenderComponent.cpp">
      <Filter>Components\Rendering</Filter>
    </ClCompile>
    <ClCompile Include="TextComponent.cpp">
      <Filter>Components\Rendering</Filter>
    </ClCompile>
    <ClCompile Include="PlayerCommands.cpp">
      <Filter>Input</Filter>
    </ClCompile>
    <ClCompile Include="MovementCommands.cpp">
      <Filter>Input</Filter>
    </ClCompile>
    <ClCompile Include="Command.cpp">
      <Filter>Input</Filter>
    </ClCompile>
    <ClCompile Include="SceneManager.cpp">
      <Filter>Managers</Filter>
    </ClCompile>
    <ClCompile Include="ResourceManager.cpp">
      <Filter>Managers</Filter>
    </ClCompile>
    <ClCompile Include="InputManager.cpp">
      <Filter>Managers</Filter>
    </ClCompile>
    <ClCompile Include="FlginPCH.cpp">
      <Filter>PrecompiledHeaders</Filter>
    </ClCompile>
    <ClCompile Include="Logger.cpp">
      <Filter>Utilities</Filter>
    </ClCompile>
    <ClCompile Include="Invoker.cpp">
      <Filter>Utilities</Filter>
    </ClCompile>
    <ClCompile Include="Subject.cpp">
      <Filter>Observer</Filter>
    </ClCompile>
    <ClCompile Include="GameObject.cpp">
      <Filter>Prefabs</Filter>
    </ClCompile>
    <ClCompile Include="Renderer.cpp">
      <Filter>Rendering</Filter>
    </ClCompile>
    <ClCompile Include="Font.cpp">
      <Filter>Rendering</Filter>
    </ClCompile>
    <ClCompile Include="Texture2D.cpp">
      <Filter>Rendering</Filter>
    </ClCompile>
    <ClCompile Include="Scene.cpp">
      <Filter>Scenes</Filter>
    </ClCompile>
    <ClCompile Include="Flgin.cpp">
      <Filter>Scenes</Filter>
    </ClCompile>
    <ClCompile Include="TextLocalizer.cpp">
      <Filter>Localization</Filter>
    </ClCompile>
    <ClCompile Include="StateComponent.cpp">
      <Filter>Components\State</Filter>
    </ClCompile>
    <ClCompile Include="Button.cpp">
      <Filter>Prefabs</Filter>
    </ClCompile>
    <ClCompile Include="ButtonComponent.cpp">
      <Filter>Components\Menuing</Filter>
    </ClCompile>
    <ClCompile Include="MenuComponent.cpp">
      <Filter>Components\Menuing</Filter>
    </ClCompile>
    <ClCompile Include="ObserverManager.cpp">
      <Filter>Observer</Filter>
    </ClCompile>
    <ClCompile Include="Observer.cpp">
      <Filter>Observer</Filter>
    </ClCompile>
    <ClCompile Include="CollisionManager.cpp">
      <Filter>Components\Collision</Filter>
    </ClCompile>
  </ItemGroup>
</Project>